
Microsoft Visual Studio Solution File, Format Version 12.00
# Visual Studio Version 16
VisualStudioVersion = 16.0.30503.244
MinimumVisualStudioVersion = 10.0.40219.1
Project("{2150E333-8FDC-42A3-9474-1A3956D46DE8}") = "1.Simple", "1.Simple", "{999DE556-6864-4429-B810-1E0CDE184DB1}"
EndProject
Project("{2150E333-8FDC-42A3-9474-1A3956D46DE8}") = "2.Mock", "2.Mock", "{6B060AE9-4B9D-4A28-8F2F-4CD099DDF8ED}"
EndProject
Project("{9A19103F-16F7-4668-BE54-9A1E7A4F7556}") = "Prime", "Prime\Prime.csproj", "{50FC8509-2441-4EA4-A79A-7B882BFE8B4E}"
EndProject
Project("{9A19103F-16F7-4668-BE54-9A1E7A4F7556}") = "Prime.Test", "Prime.Test\Prime.Test.csproj", "{3F6AF9F3-C377-40AA-9B4A-1A89876A8A59}"
EndProject
Project("{9A19103F-16F7-4668-BE54-9A1E7A4F7556}") = "Order.Api", "OrderApi\Order.Api.csproj", "{223B1B8F-FB91-49B7-922A-B0B2BD3AA4C0}"
EndProject
Project("{9A19103F-16F7-4668-BE54-9A1E7A4F7556}") = "Order.BusinessLogic", "Order.BusinessLogic\Order.BusinessLogic.csproj", "{8831AD26-AE68-42A4-9999-EA98B46B75DD}"
EndProject
Project("{9A19103F-16F7-4668-BE54-9A1E7A4F7556}") = "Order.Repository", "Order.Repository\Order.Repository.csproj", "{A1F3C806-8A31-4274-B062-C42C4ACE0E4A}"
EndProject
Project("{9A19103F-16F7-4668-BE54-9A1E7A4F7556}") = "Order.BusinessLogic.Test", "Order.BusinessLogic.Test\Order.BusinessLogic.Test.csproj", "{247C6EB2-C447-4D31-9A66-851A72BD96DA}"
EndProject
Project("{9A19103F-16F7-4668-BE54-9A1E7A4F7556}") = "Order.Entity", "Order.Entity\Order.Entity.csproj", "{95C9047F-E6CE-4758-A137-1F4B3D4EDEC3}"
EndProject
Project("{9A19103F-16F7-4668-BE54-9A1E7A4F7556}") = "Order.Data", "Order.Data\Order.Data.csproj", "{206E64C1-89D7-4E7E-8206-5F76D49B41F7}"
EndProject
Project("{9A19103F-16F7-4668-BE54-9A1E7A4F7556}") = "Prime.ConsoleApp", "Prime.Console\Prime.ConsoleApp.csproj", "{10D778AE-BF3E-4E78-B502-84BF7565B83A}"
EndProject
Project("{2150E333-8FDC-42A3-9474-1A3956D46DE8}") = "OrderApi", "OrderApi", "{5D3339B7-19E7-4FF0-BF4E-D42F367F61A6}"
EndProject
Project("{2150E333-8FDC-42A3-9474-1A3956D46DE8}") = "Test", "Test", "{D1258EA8-743F-4A07-84E7-891992E5E33A}"
EndProject
Project("{2150E333-8FDC-42A3-9474-1A3956D46DE8}") = "PrimeApp", "PrimeApp", "{8A647C4D-F274-40F1-9E0C-BC0ED14F4306}"
EndProject
Project("{2150E333-8FDC-42A3-9474-1A3956D46DE8}") = "Test", "Test", "{35D9AD2B-9006-49E7-98EC-1E5B84080DCF}"
EndProject
Global
	GlobalSection(SolutionConfigurationPlatforms) = preSolution
		Debug|Any CPU = Debug|Any CPU
		Release|Any CPU = Release|Any CPU
	EndGlobalSection
	GlobalSection(ProjectConfigurationPlatforms) = postSolution
		{50FC8509-2441-4EA4-A79A-7B882BFE8B4E}.Debug|Any CPU.ActiveCfg = Debug|Any CPU
		{50FC8509-2441-4EA4-A79A-7B882BFE8B4E}.Debug|Any CPU.Build.0 = Debug|Any CPU
		{50FC8509-2441-4EA4-A79A-7B882BFE8B4E}.Release|Any CPU.ActiveCfg = Release|Any CPU
		{50FC8509-2441-4EA4-A79A-7B882BFE8B4E}.Release|Any CPU.Build.0 = Release|Any CPU
		{3F6AF9F3-C377-40AA-9B4A-1A89876A8A59}.Debug|Any CPU.ActiveCfg = Debug|Any CPU
		{3F6AF9F3-C377-40AA-9B4A-1A89876A8A59}.Debug|Any CPU.Build.0 = Debug|Any CPU
		{3F6AF9F3-C377-40AA-9B4A-1A89876A8A59}.Release|Any CPU.ActiveCfg = Release|Any CPU
		{3F6AF9F3-C377-40AA-9B4A-1A89876A8A59}.Release|Any CPU.Build.0 = Release|Any CPU
		{223B1B8F-FB91-49B7-922A-B0B2BD3AA4C0}.Debug|Any CPU.ActiveCfg = Debug|Any CPU
		{223B1B8F-FB91-49B7-922A-B0B2BD3AA4C0}.Debug|Any CPU.Build.0 = Debug|Any CPU
		{223B1B8F-FB91-49B7-922A-B0B2BD3AA4C0}.Release|Any CPU.ActiveCfg = Release|Any CPU
		{223B1B8F-FB91-49B7-922A-B0B2BD3AA4C0}.Release|Any CPU.Build.0 = Release|Any CPU
		{8831AD26-AE68-42A4-9999-EA98B46B75DD}.Debug|Any CPU.ActiveCfg = Debug|Any CPU
		{8831AD26-AE68-42A4-9999-EA98B46B75DD}.Debug|Any CPU.Build.0 = Debug|Any CPU
		{8831AD26-AE68-42A4-9999-EA98B46B75DD}.Release|Any CPU.ActiveCfg = Release|Any CPU
		{8831AD26-AE68-42A4-9999-EA98B46B75DD}.Release|Any CPU.Build.0 = Release|Any CPU
		{A1F3C806-8A31-4274-B062-C42C4ACE0E4A}.Debug|Any CPU.ActiveCfg = Debug|Any CPU
		{A1F3C806-8A31-4274-B062-C42C4ACE0E4A}.Debug|Any CPU.Build.0 = Debug|Any CPU
		{A1F3C806-8A31-4274-B062-C42C4ACE0E4A}.Release|Any CPU.ActiveCfg = Release|Any CPU
		{A1F3C806-8A31-4274-B062-C42C4ACE0E4A}.Release|Any CPU.Build.0 = Release|Any CPU
		{247C6EB2-C447-4D31-9A66-851A72BD96DA}.Debug|Any CPU.ActiveCfg = Debug|Any CPU
		{247C6EB2-C447-4D31-9A66-851A72BD96DA}.Debug|Any CPU.Build.0 = Debug|Any CPU
		{247C6EB2-C447-4D31-9A66-851A72BD96DA}.Release|Any CPU.ActiveCfg = Release|Any CPU
		{247C6EB2-C447-4D31-9A66-851A72BD96DA}.Release|Any CPU.Build.0 = Release|Any CPU
		{95C9047F-E6CE-4758-A137-1F4B3D4EDEC3}.Debug|Any CPU.ActiveCfg = Debug|Any CPU
		{95C9047F-E6CE-4758-A137-1F4B3D4EDEC3}.Debug|Any CPU.Build.0 = Debug|Any CPU
		{95C9047F-E6CE-4758-A137-1F4B3D4EDEC3}.Release|Any CPU.ActiveCfg = Release|Any CPU
		{95C9047F-E6CE-4758-A137-1F4B3D4EDEC3}.Release|Any CPU.Build.0 = Release|Any CPU
		{206E64C1-89D7-4E7E-8206-5F76D49B41F7}.Debug|Any CPU.ActiveCfg = Debug|Any CPU
		{206E64C1-89D7-4E7E-8206-5F76D49B41F7}.Debug|Any CPU.Build.0 = Debug|Any CPU
		{206E64C1-89D7-4E7E-8206-5F76D49B41F7}.Release|Any CPU.ActiveCfg = Release|Any CPU
		{206E64C1-89D7-4E7E-8206-5F76D49B41F7}.Release|Any CPU.Build.0 = Release|Any CPU
		{10D778AE-BF3E-4E78-B502-84BF7565B83A}.Debug|Any CPU.ActiveCfg = Debug|Any CPU
		{10D778AE-BF3E-4E78-B502-84BF7565B83A}.Debug|Any CPU.Build.0 = Debug|Any CPU
		{10D778AE-BF3E-4E78-B502-84BF7565B83A}.Release|Any CPU.ActiveCfg = Release|Any CPU
		{10D778AE-BF3E-4E78-B502-84BF7565B83A}.Release|Any CPU.Build.0 = Release|Any CPU
	EndGlobalSection
	GlobalSection(SolutionProperties) = preSolution
		HideSolutionNode = FALSE
	EndGlobalSection
	GlobalSection(NestedProjects) = preSolution
		{50FC8509-2441-4EA4-A79A-7B882BFE8B4E} = {8A647C4D-F274-40F1-9E0C-BC0ED14F4306}
		{3F6AF9F3-C377-40AA-9B4A-1A89876A8A59} = {35D9AD2B-9006-49E7-98EC-1E5B84080DCF}
		{223B1B8F-FB91-49B7-922A-B0B2BD3AA4C0} = {5D3339B7-19E7-4FF0-BF4E-D42F367F61A6}
		{8831AD26-AE68-42A4-9999-EA98B46B75DD} = {5D3339B7-19E7-4FF0-BF4E-D42F367F61A6}
		{A1F3C806-8A31-4274-B062-C42C4ACE0E4A} = {5D3339B7-19E7-4FF0-BF4E-D42F367F61A6}
		{247C6EB2-C447-4D31-9A66-851A72BD96DA} = {D1258EA8-743F-4A07-84E7-891992E5E33A}
		{95C9047F-E6CE-4758-A137-1F4B3D4EDEC3} = {5D3339B7-19E7-4FF0-BF4E-D42F367F61A6}
		{206E64C1-89D7-4E7E-8206-5F76D49B41F7} = {5D3339B7-19E7-4FF0-BF4E-D42F367F61A6}
		{10D778AE-BF3E-4E78-B502-84BF7565B83A} = {8A647C4D-F274-40F1-9E0C-BC0ED14F4306}
		{5D3339B7-19E7-4FF0-BF4E-D42F367F61A6} = {6B060AE9-4B9D-4A28-8F2F-4CD099DDF8ED}
		{D1258EA8-743F-4A07-84E7-891992E5E33A} = {6B060AE9-4B9D-4A28-8F2F-4CD099DDF8ED}
		{8A647C4D-F274-40F1-9E0C-BC0ED14F4306} = {999DE556-6864-4429-B810-1E0CDE184DB1}
		{35D9AD2B-9006-49E7-98EC-1E5B84080DCF} = {999DE556-6864-4429-B810-1E0CDE184DB1}
	EndGlobalSection
	GlobalSection(ExtensibilityGlobals) = postSolution
		SolutionGuid = {188CC253-F664-4B54-B8AD-AB124B82323E}
	EndGlobalSection
EndGlobal
